
Microsoft Visual Studio Solution File, Format Version 12.00
# Visual Studio 15
VisualStudioVersion = 15.0.26730.15
MinimumVisualStudioVersion = 10.0.40219.1
Project("{8BC9CEB8-8B4A-11D0-8D11-00A0C91BC942}") = "1216", "1216\1216.vcxproj", "{B42BB584-A069-4650-B643-39AE63FA5E28}"
EndProject
Global
	GlobalSection(SolutionConfigurationPlatforms) = preSolution
		Debug|x64 = Debug|x64
		Debug|x86 = Debug|x86
		Release|x64 = Release|x64
		Release|x86 = Release|x86
	EndGlobalSection
	GlobalSection(ProjectConfigurationPlatforms) = postSolution
		{B42BB584-A069-4650-B643-39AE63FA5E28}.Debug|x64.ActiveCfg = Debug|x64
		{B42BB584-A069-4650-B643-39AE63FA5E28}.Debug|x64.Build.0 = Debug|x64
		{B42BB584-A069-4650-B643-39AE63FA5E28}.Debug|x86.ActiveCfg = Debug|Win32
		{B42BB584-A069-4650-B643-39AE63FA5E28}.Debug|x86.Build.0 = Debug|Win32
		{B42BB584-A069-4650-B643-39AE63FA5E28}.Release|x64.ActiveCfg = Release|x64
		{B42BB584-A069-4650-B643-39AE63FA5E28}.Release|x64.Build.0 = Release|x64
		{B42BB584-A069-4650-B643-39AE63FA5E28}.Release|x86.ActiveCfg = Release|Win32
		{B42BB584-A069-4650-B643-39AE63FA5E28}.Release|x86.Build.0 = Release|Win32
	EndGlobalSection
	GlobalSection(SolutionProperties) = preSolution
		HideSolutionNode = FALSE
	EndGlobalSection
	GlobalSection(ExtensibilityGlobals) = postSolution
		SolutionGuid = {95D33078-9EAB-4054-83A7-7FDE9576E8B7}
	EndGlobalSection
EndGlobal
