
Microsoft Visual Studio Solution File, Format Version 12.00
# Visual Studio 15
VisualStudioVersion = 15.0.26730.15
MinimumVisualStudioVersion = 10.0.40219.1
Project("{8BC9CEB8-8B4A-11D0-8D11-00A0C91BC942}") = "Proj2", "Proj2\Proj2.vcxproj", "{51F11EB4-5A85-4A0A-B41E-66CF7EB530CD}"
EndProject
Global
	GlobalSection(SolutionConfigurationPlatforms) = preSolution
		Debug|x64 = Debug|x64
		Debug|x86 = Debug|x86
		Release|x64 = Release|x64
		Release|x86 = Release|x86
	EndGlobalSection
	GlobalSection(ProjectConfigurationPlatforms) = postSolution
		{51F11EB4-5A85-4A0A-B41E-66CF7EB530CD}.Debug|x64.ActiveCfg = Debug|x64
		{51F11EB4-5A85-4A0A-B41E-66CF7EB530CD}.Debug|x64.Build.0 = Debug|x64
		{51F11EB4-5A85-4A0A-B41E-66CF7EB530CD}.Debug|x86.ActiveCfg = Debug|Win32
		{51F11EB4-5A85-4A0A-B41E-66CF7EB530CD}.Debug|x86.Build.0 = Debug|Win32
		{51F11EB4-5A85-4A0A-B41E-66CF7EB530CD}.Release|x64.ActiveCfg = Release|x64
		{51F11EB4-5A85-4A0A-B41E-66CF7EB530CD}.Release|x64.Build.0 = Release|x64
		{51F11EB4-5A85-4A0A-B41E-66CF7EB530CD}.Release|x86.ActiveCfg = Release|Win32
		{51F11EB4-5A85-4A0A-B41E-66CF7EB530CD}.Release|x86.Build.0 = Release|Win32
	EndGlobalSection
	GlobalSection(SolutionProperties) = preSolution
		HideSolutionNode = FALSE
	EndGlobalSection
	GlobalSection(ExtensibilityGlobals) = postSolution
		SolutionGuid = {D2D29805-D508-4A00-BED9-23D786E59983}
	EndGlobalSection
EndGlobal
