
Microsoft Visual Studio Solution File, Format Version 12.00
# Visual Studio 15
VisualStudioVersion = 15.0.26730.15
MinimumVisualStudioVersion = 10.0.40219.1
Project("{8BC9CEB8-8B4A-11D0-8D11-00A0C91BC942}") = "App1", "App1\App1.vcxproj", "{CFF00BF5-76DF-4A1C-82BF-0BE70E490A61}"
EndProject
Global
	GlobalSection(SolutionConfigurationPlatforms) = preSolution
		Debug|x64 = Debug|x64
		Debug|x86 = Debug|x86
		Release|x64 = Release|x64
		Release|x86 = Release|x86
	EndGlobalSection
	GlobalSection(ProjectConfigurationPlatforms) = postSolution
		{CFF00BF5-76DF-4A1C-82BF-0BE70E490A61}.Debug|x64.ActiveCfg = Debug|x64
		{CFF00BF5-76DF-4A1C-82BF-0BE70E490A61}.Debug|x64.Build.0 = Debug|x64
		{CFF00BF5-76DF-4A1C-82BF-0BE70E490A61}.Debug|x86.ActiveCfg = Debug|Win32
		{CFF00BF5-76DF-4A1C-82BF-0BE70E490A61}.Debug|x86.Build.0 = Debug|Win32
		{CFF00BF5-76DF-4A1C-82BF-0BE70E490A61}.Release|x64.ActiveCfg = Release|x64
		{CFF00BF5-76DF-4A1C-82BF-0BE70E490A61}.Release|x64.Build.0 = Release|x64
		{CFF00BF5-76DF-4A1C-82BF-0BE70E490A61}.Release|x86.ActiveCfg = Release|Win32
		{CFF00BF5-76DF-4A1C-82BF-0BE70E490A61}.Release|x86.Build.0 = Release|Win32
	EndGlobalSection
	GlobalSection(SolutionProperties) = preSolution
		HideSolutionNode = FALSE
	EndGlobalSection
	GlobalSection(ExtensibilityGlobals) = postSolution
		SolutionGuid = {C561D92B-BD25-4A93-8F55-0D53040AB645}
	EndGlobalSection
EndGlobal
